// !$*UTF8*$!
{
	archiveVersion = 1;
	classes = {
	};
	objectVersion = 51;
	objects = {

/* Begin PBXBuildFile section */
		3C692E192343D353003301D0 /* AppDelegate.swift in Sources */ = {isa = PBXBuildFile; fileRef = 3C692E182343D353003301D0 /* AppDelegate.swift */; };
		3C692E1B2343D353003301D0 /* GameScene.sks in Resources */ = {isa = PBXBuildFile; fileRef = 3C692E1A2343D353003301D0 /* GameScene.sks */; };
		3C692E1D2343D353003301D0 /* Actions.sks in Resources */ = {isa = PBXBuildFile; fileRef = 3C692E1C2343D353003301D0 /* Actions.sks */; };
		3C692E1F2343D353003301D0 /* GameScene.swift in Sources */ = {isa = PBXBuildFile; fileRef = 3C692E1E2343D353003301D0 /* GameScene.swift */; };
		3C692E212343D353003301D0 /* GameViewController.swift in Sources */ = {isa = PBXBuildFile; fileRef = 3C692E202343D353003301D0 /* GameViewController.swift */; };
		3C692E242343D353003301D0 /* Main.storyboard in Resources */ = {isa = PBXBuildFile; fileRef = 3C692E222343D353003301D0 /* Main.storyboard */; };
		3C692E262343D354003301D0 /* Assets.xcassets in Resources */ = {isa = PBXBuildFile; fileRef = 3C692E252343D354003301D0 /* Assets.xcassets */; };
		3C692E292343D354003301D0 /* LaunchScreen.storyboard in Resources */ = {isa = PBXBuildFile; fileRef = 3C692E272343D354003301D0 /* LaunchScreen.storyboard */; };
		3C692E342343D354003301D0 /* Chrono_CrusaderTests.swift in Sources */ = {isa = PBXBuildFile; fileRef = 3C692E332343D354003301D0 /* Chrono_CrusaderTests.swift */; };
		3C692E482343D96D003301D0 /* adventurer-idle-attack-00.png in Resources */ = {isa = PBXBuildFile; fileRef = 3C692E402343D96D003301D0 /* adventurer-idle-attack-00.png */; };
		3C692E492343D96D003301D0 /* adventurer-idle-attack-01.png in Resources */ = {isa = PBXBuildFile; fileRef = 3C692E412343D96D003301D0 /* adventurer-idle-attack-01.png */; };
		3C692E4A2343D96D003301D0 /* adventurer-idle-attack-02.png in Resources */ = {isa = PBXBuildFile; fileRef = 3C692E422343D96D003301D0 /* adventurer-idle-attack-02.png */; };
		3C692E4B2343D96D003301D0 /* adventurer-idle-00.png in Resources */ = {isa = PBXBuildFile; fileRef = 3C692E432343D96D003301D0 /* adventurer-idle-00.png */; };
		3C692E4C2343D96D003301D0 /* adventurer-idle-attack-03.png in Resources */ = {isa = PBXBuildFile; fileRef = 3C692E442343D96D003301D0 /* adventurer-idle-attack-03.png */; };
		3C692E4D2343D96D003301D0 /* adventurer-idle-03.png in Resources */ = {isa = PBXBuildFile; fileRef = 3C692E452343D96D003301D0 /* adventurer-idle-03.png */; };
		3C692E4E2343D96D003301D0 /* adventurer-idle-02.png in Resources */ = {isa = PBXBuildFile; fileRef = 3C692E462343D96D003301D0 /* adventurer-idle-02.png */; };
		3C692E4F2343D96D003301D0 /* adventurer-idle-01.png in Resources */ = {isa = PBXBuildFile; fileRef = 3C692E472343D96D003301D0 /* adventurer-idle-01.png */; };
		3CC6EA002344FFAA00F46039 /* drawSword3.png in Resources */ = {isa = PBXBuildFile; fileRef = 3CC6E9FC2344FFA900F46039 /* drawSword3.png */; };
		3CC6EA012344FFAA00F46039 /* drawSword1.png in Resources */ = {isa = PBXBuildFile; fileRef = 3CC6E9FD2344FFA900F46039 /* drawSword1.png */; };
		3CC6EA022344FFAA00F46039 /* drawSword0.png in Resources */ = {isa = PBXBuildFile; fileRef = 3CC6E9FE2344FFA900F46039 /* drawSword0.png */; };
		3CC6EA032344FFAA00F46039 /* drawSword2.png in Resources */ = {isa = PBXBuildFile; fileRef = 3CC6E9FF2344FFAA00F46039 /* drawSword2.png */; };
		3CC6EA092344FFCF00F46039 /* seathSword0.png in Resources */ = {isa = PBXBuildFile; fileRef = 3CC6EA052344FFCF00F46039 /* seathSword0.png */; };
		3CC6EA0A2344FFCF00F46039 /* seathSword1.png in Resources */ = {isa = PBXBuildFile; fileRef = 3CC6EA062344FFCF00F46039 /* seathSword1.png */; };
		3CC6EA0B2344FFCF00F46039 /* seathSword2.png in Resources */ = {isa = PBXBuildFile; fileRef = 3CC6EA072344FFCF00F46039 /* seathSword2.png */; };
		3CC6EA0C2344FFCF00F46039 /* seathSword3.png in Resources */ = {isa = PBXBuildFile; fileRef = 3CC6EA082344FFCF00F46039 /* seathSword3.png */; };
		3CC6EA142345007300F46039 /* runSword3.png in Resources */ = {isa = PBXBuildFile; fileRef = 3CC6EA0E2345006F00F46039 /* runSword3.png */; };
		3CC6EA152345007300F46039 /* runSword1.png in Resources */ = {isa = PBXBuildFile; fileRef = 3CC6EA0F2345006F00F46039 /* runSword1.png */; };
		3CC6EA162345007300F46039 /* runSword5.png in Resources */ = {isa = PBXBuildFile; fileRef = 3CC6EA102345007000F46039 /* runSword5.png */; };
		3CC6EA172345007300F46039 /* runSword4.png in Resources */ = {isa = PBXBuildFile; fileRef = 3CC6EA112345007100F46039 /* runSword4.png */; };
		3CC6EA182345007300F46039 /* runSword0.png in Resources */ = {isa = PBXBuildFile; fileRef = 3CC6EA122345007200F46039 /* runSword0.png */; };
		3CC6EA192345007300F46039 /* runSword2.png in Resources */ = {isa = PBXBuildFile; fileRef = 3CC6EA132345007300F46039 /* runSword2.png */; };
		3CC6EA1B2345015700F46039 /* R.generated.swift in Sources */ = {isa = PBXBuildFile; fileRef = 3CC6EA1A2345015700F46039 /* R.generated.swift */; };
		3CC6EA23234502D300F46039 /* run5.png in Resources */ = {isa = PBXBuildFile; fileRef = 3CC6EA1D234502D200F46039 /* run5.png */; };
		3CC6EA24234502D300F46039 /* run0.png in Resources */ = {isa = PBXBuildFile; fileRef = 3CC6EA1E234502D200F46039 /* run0.png */; };
		3CC6EA25234502D300F46039 /* run2.png in Resources */ = {isa = PBXBuildFile; fileRef = 3CC6EA1F234502D300F46039 /* run2.png */; };
		3CC6EA26234502D300F46039 /* run1.png in Resources */ = {isa = PBXBuildFile; fileRef = 3CC6EA20234502D300F46039 /* run1.png */; };
		3CC6EA27234502D300F46039 /* run4.png in Resources */ = {isa = PBXBuildFile; fileRef = 3CC6EA21234502D300F46039 /* run4.png */; };
		3CC6EA28234502D300F46039 /* run3.png in Resources */ = {isa = PBXBuildFile; fileRef = 3CC6EA22234502D300F46039 /* run3.png */; };
		3CEBCAC72344266E007048D7 /* AnalogStick.swift in Sources */ = {isa = PBXBuildFile; fileRef = 3CEBCAC62344266E007048D7 /* AnalogStick.swift */; };
		3CEBCACA2344CB54007048D7 /* MainPlayer.swift in Sources */ = {isa = PBXBuildFile; fileRef = 3CEBCAC92344CB54007048D7 /* MainPlayer.swift */; };
		5B15C124EB2784E818B1B6ED /* Pods_Chrono_Crusader.framework in Frameworks */ = {isa = PBXBuildFile; fileRef = 065CD0C0E788AFAC1B451662 /* Pods_Chrono_Crusader.framework */; };
		8165987A90FAD6475601915B /* Pods_Chrono_CrusaderTests.framework in Frameworks */ = {isa = PBXBuildFile; fileRef = E27E8B0F6D2A142ED6283BD0 /* Pods_Chrono_CrusaderTests.framework */; };
/* End PBXBuildFile section */

/* Begin PBXContainerItemProxy section */
		3C692E302343D354003301D0 /* PBXContainerItemProxy */ = {
			isa = PBXContainerItemProxy;
			containerPortal = 3C692E0D2343D353003301D0 /* Project object */;
			proxyType = 1;
			remoteGlobalIDString = 3C692E142343D353003301D0;
			remoteInfo = "Chrono Crusader";
		};
/* End PBXContainerItemProxy section */

/* Begin PBXFileReference section */
		065CD0C0E788AFAC1B451662 /* Pods_Chrono_Crusader.framework */ = {isa = PBXFileReference; explicitFileType = wrapper.framework; includeInIndex = 0; path = Pods_Chrono_Crusader.framework; sourceTree = BUILT_PRODUCTS_DIR; };
		0B77EFA63D7350B7BC9EECEF /* Pods-Chrono CrusaderTests.release.xcconfig */ = {isa = PBXFileReference; includeInIndex = 1; lastKnownFileType = text.xcconfig; name = "Pods-Chrono CrusaderTests.release.xcconfig"; path = "Target Support Files/Pods-Chrono CrusaderTests/Pods-Chrono CrusaderTests.release.xcconfig"; sourceTree = "<group>"; };
		2937869DCD2DEFE94ABCD77C /* Pods-Chrono CrusaderTests.debug.xcconfig */ = {isa = PBXFileReference; includeInIndex = 1; lastKnownFileType = text.xcconfig; name = "Pods-Chrono CrusaderTests.debug.xcconfig"; path = "Target Support Files/Pods-Chrono CrusaderTests/Pods-Chrono CrusaderTests.debug.xcconfig"; sourceTree = "<group>"; };
		3C692E152343D353003301D0 /* Chrono Crusader.app */ = {isa = PBXFileReference; explicitFileType = wrapper.application; includeInIndex = 0; path = "Chrono Crusader.app"; sourceTree = BUILT_PRODUCTS_DIR; };
		3C692E182343D353003301D0 /* AppDelegate.swift */ = {isa = PBXFileReference; lastKnownFileType = sourcecode.swift; path = AppDelegate.swift; sourceTree = "<group>"; };
		3C692E1A2343D353003301D0 /* GameScene.sks */ = {isa = PBXFileReference; lastKnownFileType = file.sks; path = GameScene.sks; sourceTree = "<group>"; };
		3C692E1C2343D353003301D0 /* Actions.sks */ = {isa = PBXFileReference; lastKnownFileType = file.sks; path = Actions.sks; sourceTree = "<group>"; };
		3C692E1E2343D353003301D0 /* GameScene.swift */ = {isa = PBXFileReference; lastKnownFileType = sourcecode.swift; path = GameScene.swift; sourceTree = "<group>"; };
		3C692E202343D353003301D0 /* GameViewController.swift */ = {isa = PBXFileReference; lastKnownFileType = sourcecode.swift; path = GameViewController.swift; sourceTree = "<group>"; };
		3C692E232343D353003301D0 /* Base */ = {isa = PBXFileReference; lastKnownFileType = file.storyboard; name = Base; path = Base.lproj/Main.storyboard; sourceTree = "<group>"; };
		3C692E252343D354003301D0 /* Assets.xcassets */ = {isa = PBXFileReference; lastKnownFileType = folder.assetcatalog; path = Assets.xcassets; sourceTree = "<group>"; };
		3C692E282343D354003301D0 /* Base */ = {isa = PBXFileReference; lastKnownFileType = file.storyboard; name = Base; path = Base.lproj/LaunchScreen.storyboard; sourceTree = "<group>"; };
		3C692E2A2343D354003301D0 /* Info.plist */ = {isa = PBXFileReference; lastKnownFileType = text.plist.xml; path = Info.plist; sourceTree = "<group>"; };
		3C692E2F2343D354003301D0 /* Chrono CrusaderTests.xctest */ = {isa = PBXFileReference; explicitFileType = wrapper.cfbundle; includeInIndex = 0; path = "Chrono CrusaderTests.xctest"; sourceTree = BUILT_PRODUCTS_DIR; };
		3C692E332343D354003301D0 /* Chrono_CrusaderTests.swift */ = {isa = PBXFileReference; lastKnownFileType = sourcecode.swift; path = Chrono_CrusaderTests.swift; sourceTree = "<group>"; };
		3C692E352343D354003301D0 /* Info.plist */ = {isa = PBXFileReference; lastKnownFileType = text.plist.xml; path = Info.plist; sourceTree = "<group>"; };
		3C692E402343D96D003301D0 /* adventurer-idle-attack-00.png */ = {isa = PBXFileReference; lastKnownFileType = image.png; path = "adventurer-idle-attack-00.png"; sourceTree = "<group>"; };
		3C692E412343D96D003301D0 /* adventurer-idle-attack-01.png */ = {isa = PBXFileReference; lastKnownFileType = image.png; path = "adventurer-idle-attack-01.png"; sourceTree = "<group>"; };
		3C692E422343D96D003301D0 /* adventurer-idle-attack-02.png */ = {isa = PBXFileReference; lastKnownFileType = image.png; path = "adventurer-idle-attack-02.png"; sourceTree = "<group>"; };
		3C692E432343D96D003301D0 /* adventurer-idle-00.png */ = {isa = PBXFileReference; lastKnownFileType = image.png; path = "adventurer-idle-00.png"; sourceTree = "<group>"; };
		3C692E442343D96D003301D0 /* adventurer-idle-attack-03.png */ = {isa = PBXFileReference; lastKnownFileType = image.png; path = "adventurer-idle-attack-03.png"; sourceTree = "<group>"; };
		3C692E452343D96D003301D0 /* adventurer-idle-03.png */ = {isa = PBXFileReference; lastKnownFileType = image.png; path = "adventurer-idle-03.png"; sourceTree = "<group>"; };
		3C692E462343D96D003301D0 /* adventurer-idle-02.png */ = {isa = PBXFileReference; lastKnownFileType = image.png; path = "adventurer-idle-02.png"; sourceTree = "<group>"; };
		3C692E472343D96D003301D0 /* adventurer-idle-01.png */ = {isa = PBXFileReference; lastKnownFileType = image.png; path = "adventurer-idle-01.png"; sourceTree = "<group>"; };
		3CC6E9FC2344FFA900F46039 /* drawSword3.png */ = {isa = PBXFileReference; lastKnownFileType = image.png; path = drawSword3.png; sourceTree = "<group>"; };
		3CC6E9FD2344FFA900F46039 /* drawSword1.png */ = {isa = PBXFileReference; lastKnownFileType = image.png; path = drawSword1.png; sourceTree = "<group>"; };
		3CC6E9FE2344FFA900F46039 /* drawSword0.png */ = {isa = PBXFileReference; lastKnownFileType = image.png; path = drawSword0.png; sourceTree = "<group>"; };
		3CC6E9FF2344FFAA00F46039 /* drawSword2.png */ = {isa = PBXFileReference; lastKnownFileType = image.png; path = drawSword2.png; sourceTree = "<group>"; };
		3CC6EA052344FFCF00F46039 /* seathSword0.png */ = {isa = PBXFileReference; lastKnownFileType = image.png; path = seathSword0.png; sourceTree = "<group>"; };
		3CC6EA062344FFCF00F46039 /* seathSword1.png */ = {isa = PBXFileReference; lastKnownFileType = image.png; path = seathSword1.png; sourceTree = "<group>"; };
		3CC6EA072344FFCF00F46039 /* seathSword2.png */ = {isa = PBXFileReference; lastKnownFileType = image.png; path = seathSword2.png; sourceTree = "<group>"; };
		3CC6EA082344FFCF00F46039 /* seathSword3.png */ = {isa = PBXFileReference; lastKnownFileType = image.png; path = seathSword3.png; sourceTree = "<group>"; };
		3CC6EA0E2345006F00F46039 /* runSword3.png */ = {isa = PBXFileReference; lastKnownFileType = image.png; path = runSword3.png; sourceTree = "<group>"; };
		3CC6EA0F2345006F00F46039 /* runSword1.png */ = {isa = PBXFileReference; lastKnownFileType = image.png; path = runSword1.png; sourceTree = "<group>"; };
		3CC6EA102345007000F46039 /* runSword5.png */ = {isa = PBXFileReference; lastKnownFileType = image.png; path = runSword5.png; sourceTree = "<group>"; };
		3CC6EA112345007100F46039 /* runSword4.png */ = {isa = PBXFileReference; lastKnownFileType = image.png; path = runSword4.png; sourceTree = "<group>"; };
		3CC6EA122345007200F46039 /* runSword0.png */ = {isa = PBXFileReference; lastKnownFileType = image.png; path = runSword0.png; sourceTree = "<group>"; };
		3CC6EA132345007300F46039 /* runSword2.png */ = {isa = PBXFileReference; lastKnownFileType = image.png; path = runSword2.png; sourceTree = "<group>"; };
		3CC6EA1A2345015700F46039 /* R.generated.swift */ = {isa = PBXFileReference; fileEncoding = 4; lastKnownFileType = sourcecode.swift; path = R.generated.swift; sourceTree = "<group>"; };
		3CC6EA1D234502D200F46039 /* run5.png */ = {isa = PBXFileReference; lastKnownFileType = image.png; path = run5.png; sourceTree = "<group>"; };
		3CC6EA1E234502D200F46039 /* run0.png */ = {isa = PBXFileReference; lastKnownFileType = image.png; path = run0.png; sourceTree = "<group>"; };
		3CC6EA1F234502D300F46039 /* run2.png */ = {isa = PBXFileReference; lastKnownFileType = image.png; path = run2.png; sourceTree = "<group>"; };
		3CC6EA20234502D300F46039 /* run1.png */ = {isa = PBXFileReference; lastKnownFileType = image.png; path = run1.png; sourceTree = "<group>"; };
		3CC6EA21234502D300F46039 /* run4.png */ = {isa = PBXFileReference; lastKnownFileType = image.png; path = run4.png; sourceTree = "<group>"; };
		3CC6EA22234502D300F46039 /* run3.png */ = {isa = PBXFileReference; lastKnownFileType = image.png; path = run3.png; sourceTree = "<group>"; };
		3CEBCAC62344266E007048D7 /* AnalogStick.swift */ = {isa = PBXFileReference; lastKnownFileType = sourcecode.swift; path = AnalogStick.swift; sourceTree = "<group>"; };
		3CEBCAC92344CB54007048D7 /* MainPlayer.swift */ = {isa = PBXFileReference; lastKnownFileType = sourcecode.swift; path = MainPlayer.swift; sourceTree = "<group>"; };
		3D6CADC5323BC90D8DC2A62F /* Pods-Chrono Crusader.release.xcconfig */ = {isa = PBXFileReference; includeInIndex = 1; lastKnownFileType = text.xcconfig; name = "Pods-Chrono Crusader.release.xcconfig"; path = "Target Support Files/Pods-Chrono Crusader/Pods-Chrono Crusader.release.xcconfig"; sourceTree = "<group>"; };
		B496C523A25C7A4DFB041CCB /* Pods-Chrono Crusader.debug.xcconfig */ = {isa = PBXFileReference; includeInIndex = 1; lastKnownFileType = text.xcconfig; name = "Pods-Chrono Crusader.debug.xcconfig"; path = "Target Support Files/Pods-Chrono Crusader/Pods-Chrono Crusader.debug.xcconfig"; sourceTree = "<group>"; };
		E27E8B0F6D2A142ED6283BD0 /* Pods_Chrono_CrusaderTests.framework */ = {isa = PBXFileReference; explicitFileType = wrapper.framework; includeInIndex = 0; path = Pods_Chrono_CrusaderTests.framework; sourceTree = BUILT_PRODUCTS_DIR; };
/* End PBXFileReference section */

/* Begin PBXFrameworksBuildPhase section */
		3C692E122343D353003301D0 /* Frameworks */ = {
			isa = PBXFrameworksBuildPhase;
			buildActionMask = 2147483647;
			files = (
				5B15C124EB2784E818B1B6ED /* Pods_Chrono_Crusader.framework in Frameworks */,
			);
			runOnlyForDeploymentPostprocessing = 0;
		};
		3C692E2C2343D354003301D0 /* Frameworks */ = {
			isa = PBXFrameworksBuildPhase;
			buildActionMask = 2147483647;
			files = (
				8165987A90FAD6475601915B /* Pods_Chrono_CrusaderTests.framework in Frameworks */,
			);
			runOnlyForDeploymentPostprocessing = 0;
		};
/* End PBXFrameworksBuildPhase section */

/* Begin PBXGroup section */
		1D85351AA3056325D8E36915 /* Frameworks */ = {
			isa = PBXGroup;
			children = (
				065CD0C0E788AFAC1B451662 /* Pods_Chrono_Crusader.framework */,
				E27E8B0F6D2A142ED6283BD0 /* Pods_Chrono_CrusaderTests.framework */,
			);
			name = Frameworks;
			sourceTree = "<group>";
		};
		3C692E0C2343D353003301D0 = {
			isa = PBXGroup;
			children = (
				3C692E172343D353003301D0 /* Chrono Crusader */,
				3C692E322343D354003301D0 /* Chrono CrusaderTests */,
				3C692E162343D353003301D0 /* Products */,
				5EAAE73322C9377654EE9735 /* Pods */,
				1D85351AA3056325D8E36915 /* Frameworks */,
			);
			sourceTree = "<group>";
		};
		3C692E162343D353003301D0 /* Products */ = {
			isa = PBXGroup;
			children = (
				3C692E152343D353003301D0 /* Chrono Crusader.app */,
				3C692E2F2343D354003301D0 /* Chrono CrusaderTests.xctest */,
			);
			name = Products;
			sourceTree = "<group>";
		};
		3C692E172343D353003301D0 /* Chrono Crusader */ = {
			isa = PBXGroup;
			children = (
				3CEBCAC82344CB43007048D7 /* Player */,
				3C692E522343DB94003301D0 /* Supporting Files */,
				3C692E3E2343D94D003301D0 /* Assets */,
				3C692E182343D353003301D0 /* AppDelegate.swift */,
				3C692E1A2343D353003301D0 /* GameScene.sks */,
				3C692E1C2343D353003301D0 /* Actions.sks */,
				3C692E1E2343D353003301D0 /* GameScene.swift */,
				3C692E202343D353003301D0 /* GameViewController.swift */,
				3C692E222343D353003301D0 /* Main.storyboard */,
				3C692E252343D354003301D0 /* Assets.xcassets */,
				3C692E272343D354003301D0 /* LaunchScreen.storyboard */,
				3C692E2A2343D354003301D0 /* Info.plist */,
			);
			path = "Chrono Crusader";
			sourceTree = "<group>";
		};
		3C692E322343D354003301D0 /* Chrono CrusaderTests */ = {
			isa = PBXGroup;
			children = (
				3C692E332343D354003301D0 /* Chrono_CrusaderTests.swift */,
				3C692E352343D354003301D0 /* Info.plist */,
			);
			path = "Chrono CrusaderTests";
			sourceTree = "<group>";
		};
		3C692E3E2343D94D003301D0 /* Assets */ = {
			isa = PBXGroup;
			children = (
				3CC6E9FA2344F46600F46039 /* HeroActions */,
				3C692E3F2343D956003301D0 /* Adventurer-Idle */,
			);
			path = Assets;
			sourceTree = "<group>";
		};
		3C692E3F2343D956003301D0 /* Adventurer-Idle */ = {
			isa = PBXGroup;
			children = (
				3C692E432343D96D003301D0 /* adventurer-idle-00.png */,
				3C692E472343D96D003301D0 /* adventurer-idle-01.png */,
				3C692E462343D96D003301D0 /* adventurer-idle-02.png */,
				3C692E452343D96D003301D0 /* adventurer-idle-03.png */,
				3C692E402343D96D003301D0 /* adventurer-idle-attack-00.png */,
				3C692E412343D96D003301D0 /* adventurer-idle-attack-01.png */,
				3C692E422343D96D003301D0 /* adventurer-idle-attack-02.png */,
				3C692E442343D96D003301D0 /* adventurer-idle-attack-03.png */,
			);
			path = "Adventurer-Idle";
			sourceTree = "<group>";
		};
		3C692E522343DB94003301D0 /* Supporting Files */ = {
			isa = PBXGroup;
			children = (
				3CC6EA1A2345015700F46039 /* R.generated.swift */,
				3CEBCAC62344266E007048D7 /* AnalogStick.swift */,
			);
			path = "Supporting Files";
			sourceTree = "<group>";
		};
		3CC6E9FA2344F46600F46039 /* HeroActions */ = {
			isa = PBXGroup;
			children = (
				3CC6EA1C234502C200F46039 /* Run */,
				3CC6EA0D2345006200F46039 /* RunSword */,
				3CC6EA042344FFBB00F46039 /* SeathSword */,
				3CC6E9FB2344F46F00F46039 /* DrawSword */,
			);
			path = HeroActions;
			sourceTree = "<group>";
		};
		3CC6E9FB2344F46F00F46039 /* DrawSword */ = {
			isa = PBXGroup;
			children = (
				3CC6E9FE2344FFA900F46039 /* drawSword0.png */,
				3CC6E9FD2344FFA900F46039 /* drawSword1.png */,
				3CC6E9FF2344FFAA00F46039 /* drawSword2.png */,
				3CC6E9FC2344FFA900F46039 /* drawSword3.png */,
			);
			path = DrawSword;
			sourceTree = "<group>";
		};
		3CC6EA042344FFBB00F46039 /* SeathSword */ = {
			isa = PBXGroup;
			children = (
				3CC6EA052344FFCF00F46039 /* seathSword0.png */,
				3CC6EA062344FFCF00F46039 /* seathSword1.png */,
				3CC6EA072344FFCF00F46039 /* seathSword2.png */,
				3CC6EA082344FFCF00F46039 /* seathSword3.png */,
			);
			path = SeathSword;
			sourceTree = "<group>";
		};
		3CC6EA0D2345006200F46039 /* RunSword */ = {
			isa = PBXGroup;
			children = (
				3CC6EA122345007200F46039 /* runSword0.png */,
				3CC6EA0F2345006F00F46039 /* runSword1.png */,
				3CC6EA132345007300F46039 /* runSword2.png */,
				3CC6EA0E2345006F00F46039 /* runSword3.png */,
				3CC6EA112345007100F46039 /* runSword4.png */,
				3CC6EA102345007000F46039 /* runSword5.png */,
			);
			path = RunSword;
			sourceTree = "<group>";
		};
		3CC6EA1C234502C200F46039 /* Run */ = {
			isa = PBXGroup;
			children = (
				3CC6EA1E234502D200F46039 /* run0.png */,
				3CC6EA20234502D300F46039 /* run1.png */,
				3CC6EA1F234502D300F46039 /* run2.png */,
				3CC6EA22234502D300F46039 /* run3.png */,
				3CC6EA21234502D300F46039 /* run4.png */,
				3CC6EA1D234502D200F46039 /* run5.png */,
			);
			path = Run;
			sourceTree = "<group>";
		};
		3CEBCAC82344CB43007048D7 /* Player */ = {
			isa = PBXGroup;
			children = (
				3CEBCAC92344CB54007048D7 /* MainPlayer.swift */,
			);
			path = Player;
			sourceTree = "<group>";
		};
		5EAAE73322C9377654EE9735 /* Pods */ = {
			isa = PBXGroup;
			children = (
				B496C523A25C7A4DFB041CCB /* Pods-Chrono Crusader.debug.xcconfig */,
				3D6CADC5323BC90D8DC2A62F /* Pods-Chrono Crusader.release.xcconfig */,
				2937869DCD2DEFE94ABCD77C /* Pods-Chrono CrusaderTests.debug.xcconfig */,
				0B77EFA63D7350B7BC9EECEF /* Pods-Chrono CrusaderTests.release.xcconfig */,
			);
			path = Pods;
			sourceTree = "<group>";
		};
/* End PBXGroup section */

/* Begin PBXNativeTarget section */
		3C692E142343D353003301D0 /* Chrono Crusader */ = {
			isa = PBXNativeTarget;
			buildConfigurationList = 3C692E382343D354003301D0 /* Build configuration list for PBXNativeTarget "Chrono Crusader" */;
			buildPhases = (
				900023EDD3ADE6E13193F18A /* [CP] Check Pods Manifest.lock */,
				3C692E512343DAB6003301D0 /* ShellScript */,
				3C692E112343D353003301D0 /* Sources */,
				3C692E122343D353003301D0 /* Frameworks */,
				3C692E132343D353003301D0 /* Resources */,
				C440368CB034EE2F77EE0FB3 /* [CP] Embed Pods Frameworks */,
			);
			buildRules = (
			);
			dependencies = (
			);
			name = "Chrono Crusader";
			productName = "Chrono Crusader";
			productReference = 3C692E152343D353003301D0 /* Chrono Crusader.app */;
			productType = "com.apple.product-type.application";
		};
		3C692E2E2343D354003301D0 /* Chrono CrusaderTests */ = {
			isa = PBXNativeTarget;
			buildConfigurationList = 3C692E3B2343D354003301D0 /* Build configuration list for PBXNativeTarget "Chrono CrusaderTests" */;
			buildPhases = (
				986A840E6AC1505375D3F2F1 /* [CP] Check Pods Manifest.lock */,
				3C692E2B2343D354003301D0 /* Sources */,
				3C692E2C2343D354003301D0 /* Frameworks */,
				3C692E2D2343D354003301D0 /* Resources */,
			);
			buildRules = (
			);
			dependencies = (
				3C692E312343D354003301D0 /* PBXTargetDependency */,
			);
			name = "Chrono CrusaderTests";
			productName = "Chrono CrusaderTests";
			productReference = 3C692E2F2343D354003301D0 /* Chrono CrusaderTests.xctest */;
			productType = "com.apple.product-type.bundle.unit-test";
		};
/* End PBXNativeTarget section */

/* Begin PBXProject section */
		3C692E0D2343D353003301D0 /* Project object */ = {
			isa = PBXProject;
			attributes = {
				LastSwiftUpdateCheck = 1020;
				LastUpgradeCheck = 1020;
				ORGANIZATIONNAME = "Chris Karani";
				TargetAttributes = {
					3C692E142343D353003301D0 = {
						CreatedOnToolsVersion = 10.2.1;
					};
					3C692E2E2343D354003301D0 = {
						CreatedOnToolsVersion = 10.2.1;
						TestTargetID = 3C692E142343D353003301D0;
					};
				};
			};
			buildConfigurationList = 3C692E102343D353003301D0 /* Build configuration list for PBXProject "Chrono Crusader" */;
			compatibilityVersion = "Xcode 9.3";
			developmentRegion = en;
			hasScannedForEncodings = 0;
			knownRegions = (
				en,
				Base,
			);
			mainGroup = 3C692E0C2343D353003301D0;
			productRefGroup = 3C692E162343D353003301D0 /* Products */;
			projectDirPath = "";
			projectRoot = "";
			targets = (
				3C692E142343D353003301D0 /* Chrono Crusader */,
				3C692E2E2343D354003301D0 /* Chrono CrusaderTests */,
			);
		};
/* End PBXProject section */

/* Begin PBXResourcesBuildPhase section */
		3C692E132343D353003301D0 /* Resources */ = {
			isa = PBXResourcesBuildPhase;
			buildActionMask = 2147483647;
			files = (
				3C692E242343D353003301D0 /* Main.storyboard in Resources */,
				3CC6EA152345007300F46039 /* runSword1.png in Resources */,
				3CC6EA092344FFCF00F46039 /* seathSword0.png in Resources */,
				3CC6EA022344FFAA00F46039 /* drawSword0.png in Resources */,
				3C692E4B2343D96D003301D0 /* adventurer-idle-00.png in Resources */,
				3CC6EA002344FFAA00F46039 /* drawSword3.png in Resources */,
				3C692E492343D96D003301D0 /* adventurer-idle-attack-01.png in Resources */,
				3C692E1B2343D353003301D0 /* GameScene.sks in Resources */,
				3CC6EA162345007300F46039 /* runSword5.png in Resources */,
				3C692E262343D354003301D0 /* Assets.xcassets in Resources */,
				3CC6EA172345007300F46039 /* runSword4.png in Resources */,
				3C692E4D2343D96D003301D0 /* adventurer-idle-03.png in Resources */,
				3CC6EA23234502D300F46039 /* run5.png in Resources */,
				3C692E4C2343D96D003301D0 /* adventurer-idle-attack-03.png in Resources */,
				3CC6EA0C2344FFCF00F46039 /* seathSword3.png in Resources */,
				3CC6EA012344FFAA00F46039 /* drawSword1.png in Resources */,
				3CC6EA032344FFAA00F46039 /* drawSword2.png in Resources */,
				3C692E4A2343D96D003301D0 /* adventurer-idle-attack-02.png in Resources */,
				3CC6EA182345007300F46039 /* runSword0.png in Resources */,
				3C692E292343D354003301D0 /* LaunchScreen.storyboard in Resources */,
				3CC6EA28234502D300F46039 /* run3.png in Resources */,
				3C692E482343D96D003301D0 /* adventurer-idle-attack-00.png in Resources */,
				3CC6EA0B2344FFCF00F46039 /* seathSword2.png in Resources */,
				3C692E1D2343D353003301D0 /* Actions.sks in Resources */,
				3C692E4E2343D96D003301D0 /* adventurer-idle-02.png in Resources */,
				3CC6EA26234502D300F46039 /* run1.png in Resources */,
				3CC6EA24234502D300F46039 /* run0.png in Resources */,
				3CC6EA192345007300F46039 /* runSword2.png in Resources */,
				3CC6EA27234502D300F46039 /* run4.png in Resources */,
				3C692E4F2343D96D003301D0 /* adventurer-idle-01.png in Resources */,
				3CC6EA142345007300F46039 /* runSword3.png in Resources */,
				3CC6EA0A2344FFCF00F46039 /* seathSword1.png in Resources */,
				3CC6EA25234502D300F46039 /* run2.png in Resources */,
			);
			runOnlyForDeploymentPostprocessing = 0;
		};
		3C692E2D2343D354003301D0 /* Resources */ = {
			isa = PBXResourcesBuildPhase;
			buildActionMask = 2147483647;
			files = (
			);
			runOnlyForDeploymentPostprocessing = 0;
		};
/* End PBXResourcesBuildPhase section */

/* Begin PBXShellScriptBuildPhase section */
		3C692E512343DAB6003301D0 /* ShellScript */ = {
			isa = PBXShellScriptBuildPhase;
			buildActionMask = 2147483647;
			files = (
			);
			inputFileListPaths = (
			);
			inputPaths = (
				"$TEMP_DIR/rswift-lastrun",
			);
			outputFileListPaths = (
			);
			outputPaths = (
				$SRCROOT/R.generated.swift,
			);
			runOnlyForDeploymentPostprocessing = 0;
			shellPath = /bin/sh;
			shellScript = "# Type a script or drag a script file from your workspace to insert its path.\n\"$PODS_ROOT/R.swift/rswift\" generate \"$SRCROOT/R.generated.swift\"\n";
		};
		900023EDD3ADE6E13193F18A /* [CP] Check Pods Manifest.lock */ = {
			isa = PBXShellScriptBuildPhase;
			buildActionMask = 2147483647;
			files = (
			);
			inputFileListPaths = (
			);
			inputPaths = (
				"${PODS_PODFILE_DIR_PATH}/Podfile.lock",
				"${PODS_ROOT}/Manifest.lock",
			);
			name = "[CP] Check Pods Manifest.lock";
			outputFileListPaths = (
			);
			outputPaths = (
				"$(DERIVED_FILE_DIR)/Pods-Chrono Crusader-checkManifestLockResult.txt",
			);
			runOnlyForDeploymentPostprocessing = 0;
			shellPath = /bin/sh;
			shellScript = "diff \"${PODS_PODFILE_DIR_PATH}/Podfile.lock\" \"${PODS_ROOT}/Manifest.lock\" > /dev/null\nif [ $? != 0 ] ; then\n    # print error to STDERR\n    echo \"error: The sandbox is not in sync with the Podfile.lock. Run 'pod install' or update your CocoaPods installation.\" >&2\n    exit 1\nfi\n# This output is used by Xcode 'outputs' to avoid re-running this script phase.\necho \"SUCCESS\" > \"${SCRIPT_OUTPUT_FILE_0}\"\n";
			showEnvVarsInLog = 0;
		};
		986A840E6AC1505375D3F2F1 /* [CP] Check Pods Manifest.lock */ = {
			isa = PBXShellScriptBuildPhase;
			buildActionMask = 2147483647;
			files = (
			);
			inputFileListPaths = (
			);
			inputPaths = (
				"${PODS_PODFILE_DIR_PATH}/Podfile.lock",
				"${PODS_ROOT}/Manifest.lock",
			);
			name = "[CP] Check Pods Manifest.lock";
			outputFileListPaths = (
			);
			outputPaths = (
				"$(DERIVED_FILE_DIR)/Pods-Chrono CrusaderTests-checkManifestLockResult.txt",
			);
			runOnlyForDeploymentPostprocessing = 0;
			shellPath = /bin/sh;
			shellScript = "diff \"${PODS_PODFILE_DIR_PATH}/Podfile.lock\" \"${PODS_ROOT}/Manifest.lock\" > /dev/null\nif [ $? != 0 ] ; then\n    # print error to STDERR\n    echo \"error: The sandbox is not in sync with the Podfile.lock. Run 'pod install' or update your CocoaPods installation.\" >&2\n    exit 1\nfi\n# This output is used by Xcode 'outputs' to avoid re-running this script phase.\necho \"SUCCESS\" > \"${SCRIPT_OUTPUT_FILE_0}\"\n";
			showEnvVarsInLog = 0;
		};
		C440368CB034EE2F77EE0FB3 /* [CP] Embed Pods Frameworks */ = {
			isa = PBXShellScriptBuildPhase;
			buildActionMask = 2147483647;
			files = (
			);
			inputFileListPaths = (
				"${PODS_ROOT}/Target Support Files/Pods-Chrono Crusader/Pods-Chrono Crusader-frameworks-${CONFIGURATION}-input-files.xcfilelist",
			);
			name = "[CP] Embed Pods Frameworks";
			outputFileListPaths = (
				"${PODS_ROOT}/Target Support Files/Pods-Chrono Crusader/Pods-Chrono Crusader-frameworks-${CONFIGURATION}-output-files.xcfilelist",
			);
			runOnlyForDeploymentPostprocessing = 0;
			shellPath = /bin/sh;
			shellScript = "\"${PODS_ROOT}/Target Support Files/Pods-Chrono Crusader/Pods-Chrono Crusader-frameworks.sh\"\n";
			showEnvVarsInLog = 0;
		};
/* End PBXShellScriptBuildPhase section */

/* Begin PBXSourcesBuildPhase section */
		3C692E112343D353003301D0 /* Sources */ = {
			isa = PBXSourcesBuildPhase;
			buildActionMask = 2147483647;
			files = (
				3C692E1F2343D353003301D0 /* GameScene.swift in Sources */,
				3CEBCACA2344CB54007048D7 /* MainPlayer.swift in Sources */,
				3CEBCAC72344266E007048D7 /* AnalogStick.swift in Sources */,
				3C692E212343D353003301D0 /* GameViewController.swift in Sources */,
				3C692E192343D353003301D0 /* AppDelegate.swift in Sources */,
				3CC6EA1B2345015700F46039 /* R.generated.swift in Sources */,
			);
			runOnlyForDeploymentPostprocessing = 0;
		};
		3C692E2B2343D354003301D0 /* Sources */ = {
			isa = PBXSourcesBuildPhase;
			buildActionMask = 2147483647;
			files = (
				3C692E342343D354003301D0 /* Chrono_CrusaderTests.swift in Sources */,
			);
			runOnlyForDeploymentPostprocessing = 0;
		};
/* End PBXSourcesBuildPhase section */

/* Begin PBXTargetDependency section */
		3C692E312343D354003301D0 /* PBXTargetDependency */ = {
			isa = PBXTargetDependency;
			target = 3C692E142343D353003301D0 /* Chrono Crusader */;
			targetProxy = 3C692E302343D354003301D0 /* PBXContainerItemProxy */;
		};
/* End PBXTargetDependency section */

/* Begin PBXVariantGroup section */
		3C692E222343D353003301D0 /* Main.storyboard */ = {
			isa = PBXVariantGroup;
			children = (
				3C692E232343D353003301D0 /* Base */,
			);
			name = Main.storyboard;
			sourceTree = "<group>";
		};
		3C692E272343D354003301D0 /* LaunchScreen.storyboard */ = {
			isa = PBXVariantGroup;
			children = (
				3C692E282343D354003301D0 /* Base */,
			);
			name = LaunchScreen.storyboard;
			sourceTree = "<group>";
		};
/* End PBXVariantGroup section */

/* Begin XCBuildConfiguration section */
		3C692E362343D354003301D0 /* Debug */ = {
			isa = XCBuildConfiguration;
			buildSettings = {
				ALWAYS_SEARCH_USER_PATHS = NO;
				CLANG_ANALYZER_NONNULL = YES;
				CLANG_ANALYZER_NUMBER_OBJECT_CONVERSION = YES_AGGRESSIVE;
				CLANG_CXX_LANGUAGE_STANDARD = "gnu++14";
				CLANG_CXX_LIBRARY = "libc++";
				CLANG_ENABLE_MODULES = YES;
				CLANG_ENABLE_OBJC_ARC = YES;
				CLANG_ENABLE_OBJC_WEAK = YES;
				CLANG_WARN_BLOCK_CAPTURE_AUTORELEASING = YES;
				CLANG_WARN_BOOL_CONVERSION = YES;
				CLANG_WARN_COMMA = YES;
				CLANG_WARN_CONSTANT_CONVERSION = YES;
				CLANG_WARN_DEPRECATED_OBJC_IMPLEMENTATIONS = YES;
				CLANG_WARN_DIRECT_OBJC_ISA_USAGE = YES_ERROR;
				CLANG_WARN_DOCUMENTATION_COMMENTS = YES;
				CLANG_WARN_EMPTY_BODY = YES;
				CLANG_WARN_ENUM_CONVERSION = YES;
				CLANG_WARN_INFINITE_RECURSION = YES;
				CLANG_WARN_INT_CONVERSION = YES;
				CLANG_WARN_NON_LITERAL_NULL_CONVERSION = YES;
				CLANG_WARN_OBJC_IMPLICIT_RETAIN_SELF = YES;
				CLANG_WARN_OBJC_LITERAL_CONVERSION = YES;
				CLANG_WARN_OBJC_ROOT_CLASS = YES_ERROR;
				CLANG_WARN_RANGE_LOOP_ANALYSIS = YES;
				CLANG_WARN_STRICT_PROTOTYPES = YES;
				CLANG_WARN_SUSPICIOUS_MOVE = YES;
				CLANG_WARN_UNGUARDED_AVAILABILITY = YES_AGGRESSIVE;
				CLANG_WARN_UNREACHABLE_CODE = YES;
				CLANG_WARN__DUPLICATE_METHOD_MATCH = YES;
				CODE_SIGN_IDENTITY = "iPhone Developer";
				COPY_PHASE_STRIP = NO;
				DEBUG_INFORMATION_FORMAT = dwarf;
				ENABLE_STRICT_OBJC_MSGSEND = YES;
				ENABLE_TESTABILITY = YES;
				GCC_C_LANGUAGE_STANDARD = gnu11;
				GCC_DYNAMIC_NO_PIC = NO;
				GCC_NO_COMMON_BLOCKS = YES;
				GCC_OPTIMIZATION_LEVEL = 0;
				GCC_PREPROCESSOR_DEFINITIONS = (
					"DEBUG=1",
					"$(inherited)",
				);
				GCC_WARN_64_TO_32_BIT_CONVERSION = YES;
				GCC_WARN_ABOUT_RETURN_TYPE = YES_ERROR;
				GCC_WARN_UNDECLARED_SELECTOR = YES;
				GCC_WARN_UNINITIALIZED_AUTOS = YES_AGGRESSIVE;
				GCC_WARN_UNUSED_FUNCTION = YES;
				GCC_WARN_UNUSED_VARIABLE = YES;
				IPHONEOS_DEPLOYMENT_TARGET = 12.2;
				MTL_ENABLE_DEBUG_INFO = INCLUDE_SOURCE;
				MTL_FAST_MATH = YES;
				ONLY_ACTIVE_ARCH = YES;
				SDKROOT = iphoneos;
				SWIFT_ACTIVE_COMPILATION_CONDITIONS = DEBUG;
				SWIFT_OPTIMIZATION_LEVEL = "-Onone";
			};
			name = Debug;
		};
		3C692E372343D354003301D0 /* Release */ = {
			isa = XCBuildConfiguration;
			buildSettings = {
				ALWAYS_SEARCH_USER_PATHS = NO;
				CLANG_ANALYZER_NONNULL = YES;
				CLANG_ANALYZER_NUMBER_OBJECT_CONVERSION = YES_AGGRESSIVE;
				CLANG_CXX_LANGUAGE_STANDARD = "gnu++14";
				CLANG_CXX_LIBRARY = "libc++";
				CLANG_ENABLE_MODULES = YES;
				CLANG_ENABLE_OBJC_ARC = YES;
				CLANG_ENABLE_OBJC_WEAK = YES;
				CLANG_WARN_BLOCK_CAPTURE_AUTORELEASING = YES;
				CLANG_WARN_BOOL_CONVERSION = YES;
				CLANG_WARN_COMMA = YES;
				CLANG_WARN_CONSTANT_CONVERSION = YES;
				CLANG_WARN_DEPRECATED_OBJC_IMPLEMENTATIONS = YES;
				CLANG_WARN_DIRECT_OBJC_ISA_USAGE = YES_ERROR;
				CLANG_WARN_DOCUMENTATION_COMMENTS = YES;
				CLANG_WARN_EMPTY_BODY = YES;
				CLANG_WARN_ENUM_CONVERSION = YES;
				CLANG_WARN_INFINITE_RECURSION = YES;
				CLANG_WARN_INT_CONVERSION = YES;
				CLANG_WARN_NON_LITERAL_NULL_CONVERSION = YES;
				CLANG_WARN_OBJC_IMPLICIT_RETAIN_SELF = YES;
				CLANG_WARN_OBJC_LITERAL_CONVERSION = YES;
				CLANG_WARN_OBJC_ROOT_CLASS = YES_ERROR;
				CLANG_WARN_RANGE_LOOP_ANALYSIS = YES;
				CLANG_WARN_STRICT_PROTOTYPES = YES;
				CLANG_WARN_SUSPICIOUS_MOVE = YES;
				CLANG_WARN_UNGUARDED_AVAILABILITY = YES_AGGRESSIVE;
				CLANG_WARN_UNREACHABLE_CODE = YES;
				CLANG_WARN__DUPLICATE_METHOD_MATCH = YES;
				CODE_SIGN_IDENTITY = "iPhone Developer";
				COPY_PHASE_STRIP = NO;
				DEBUG_INFORMATION_FORMAT = "dwarf-with-dsym";
				ENABLE_NS_ASSERTIONS = NO;
				ENABLE_STRICT_OBJC_MSGSEND = YES;
				GCC_C_LANGUAGE_STANDARD = gnu11;
				GCC_NO_COMMON_BLOCKS = YES;
				GCC_WARN_64_TO_32_BIT_CONVERSION = YES;
				GCC_WARN_ABOUT_RETURN_TYPE = YES_ERROR;
				GCC_WARN_UNDECLARED_SELECTOR = YES;
				GCC_WARN_UNINITIALIZED_AUTOS = YES_AGGRESSIVE;
				GCC_WARN_UNUSED_FUNCTION = YES;
				GCC_WARN_UNUSED_VARIABLE = YES;
				IPHONEOS_DEPLOYMENT_TARGET = 12.2;
				MTL_ENABLE_DEBUG_INFO = NO;
				MTL_FAST_MATH = YES;
				SDKROOT = iphoneos;
				SWIFT_COMPILATION_MODE = wholemodule;
				SWIFT_OPTIMIZATION_LEVEL = "-O";
				VALIDATE_PRODUCT = YES;
			};
			name = Release;
		};
		3C692E392343D354003301D0 /* Debug */ = {
			isa = XCBuildConfiguration;
			baseConfigurationReference = B496C523A25C7A4DFB041CCB /* Pods-Chrono Crusader.debug.xcconfig */;
			buildSettings = {
				ASSETCATALOG_COMPILER_APPICON_NAME = AppIcon;
				CODE_SIGN_STYLE = Automatic;
				DEVELOPMENT_TEAM = BTSZ26LN83;
				INFOPLIST_FILE = "Chrono Crusader/Info.plist";
				LD_RUNPATH_SEARCH_PATHS = (
					"$(inherited)",
					"@executable_path/Frameworks",
				);
				PRODUCT_BUNDLE_IDENTIFIER = "com.rooster.Chrono-Crusader";
				PRODUCT_NAME = "$(TARGET_NAME)";
				SWIFT_VERSION = 5.0;
				TARGETED_DEVICE_FAMILY = "1,2";
			};
			name = Debug;
		};
		3C692E3A2343D354003301D0 /* Release */ = {
			isa = XCBuildConfiguration;
			baseConfigurationReference = 3D6CADC5323BC90D8DC2A62F /* Pods-Chrono Crusader.release.xcconfig */;
			buildSettings = {
				ASSETCATALOG_COMPILER_APPICON_NAME = AppIcon;
				CODE_SIGN_STYLE = Automatic;
				DEVELOPMENT_TEAM = BTSZ26LN83;
				INFOPLIST_FILE = "Chrono Crusader/Info.plist";
				LD_RUNPATH_SEARCH_PATHS = (
					"$(inherited)",
					"@executable_path/Frameworks",
				);
				PRODUCT_BUNDLE_IDENTIFIER = "com.rooster.Chrono-Crusader";
				PRODUCT_NAME = "$(TARGET_NAME)";
				SWIFT_VERSION = 5.0;
				TARGETED_DEVICE_FAMILY = "1,2";
			};
			name = Release;
		};
		3C692E3C2343D354003301D0 /* Debug */ = {
			isa = XCBuildConfiguration;
			baseConfigurationReference = 2937869DCD2DEFE94ABCD77C /* Pods-Chrono CrusaderTests.debug.xcconfig */;
			buildSettings = {
				ALWAYS_EMBED_SWIFT_STANDARD_LIBRARIES = YES;
				BUNDLE_LOADER = "$(TEST_HOST)";
				CODE_SIGN_STYLE = Automatic;
				DEVELOPMENT_TEAM = BTSZ26LN83;
				INFOPLIST_FILE = "Chrono CrusaderTests/Info.plist";
				LD_RUNPATH_SEARCH_PATHS = (
					"$(inherited)",
					"@executable_path/Frameworks",
					"@loader_path/Frameworks",
				);
				PRODUCT_BUNDLE_IDENTIFIER = "com.rooster.Chrono-CrusaderTests";
				PRODUCT_NAME = "$(TARGET_NAME)";
				SWIFT_VERSION = 5.0;
				TARGETED_DEVICE_FAMILY = "1,2";
				TEST_HOST = "$(BUILT_PRODUCTS_DIR)/Chrono Crusader.app/Chrono Crusader";
			};
			name = Debug;
		};
		3C692E3D2343D354003301D0 /* Release */ = {
			isa = XCBuildConfiguration;
			baseConfigurationReference = 0B77EFA63D7350B7BC9EECEF /* Pods-Chrono CrusaderTests.release.xcconfig */;
			buildSettings = {
				ALWAYS_EMBED_SWIFT_STANDARD_LIBRARIES = YES;
				BUNDLE_LOADER = "$(TEST_HOST)";
				CODE_SIGN_STYLE = Automatic;
				DEVELOPMENT_TEAM = BTSZ26LN83;
				INFOPLIST_FILE = "Chrono CrusaderTests/Info.plist";
				LD_RUNPATH_SEARCH_PATHS = (
					"$(inherited)",
					"@executable_path/Frameworks",
					"@loader_path/Frameworks",
				);
				PRODUCT_BUNDLE_IDENTIFIER = "com.rooster.Chrono-CrusaderTests";
				PRODUCT_NAME = "$(TARGET_NAME)";
				SWIFT_VERSION = 5.0;
				TARGETED_DEVICE_FAMILY = "1,2";
				TEST_HOST = "$(BUILT_PRODUCTS_DIR)/Chrono Crusader.app/Chrono Crusader";
			};
			name = Release;
		};
/* End XCBuildConfiguration section */

/* Begin XCConfigurationList section */
		3C692E102343D353003301D0 /* Build configuration list for PBXProject "Chrono Crusader" */ = {
			isa = XCConfigurationList;
			buildConfigurations = (
				3C692E362343D354003301D0 /* Debug */,
				3C692E372343D354003301D0 /* Release */,
			);
			defaultConfigurationIsVisible = 0;
			defaultConfigurationName = Release;
		};
		3C692E382343D354003301D0 /* Build configuration list for PBXNativeTarget "Chrono Crusader" */ = {
			isa = XCConfigurationList;
			buildConfigurations = (
				3C692E392343D354003301D0 /* Debug */,
				3C692E3A2343D354003301D0 /* Release */,
			);
			defaultConfigurationIsVisible = 0;
			defaultConfigurationName = Release;
		};
		3C692E3B2343D354003301D0 /* Build configuration list for PBXNativeTarget "Chrono CrusaderTests" */ = {
			isa = XCConfigurationList;
			buildConfigurations = (
				3C692E3C2343D354003301D0 /* Debug */,
				3C692E3D2343D354003301D0 /* Release */,
			);
			defaultConfigurationIsVisible = 0;
			defaultConfigurationName = Release;
		};
/* End XCConfigurationList section */
	};
	rootObject = 3C692E0D2343D353003301D0 /* Project object */;
}
